
Microsoft Visual Studio Solution File, Format Version 12.00
# Visual Studio 15
Project("{FAE04EC0-301F-11D3-BF4B-00C04F79EFBC}") = "LearnXamarin.Android", "LearnXamarin.Android\LearnXamarin.Android.csproj", "{7331B508-DF01-4007-B5FC-E1EFDD36535F}"
EndProject
Project("{FAE04EC0-301F-11D3-BF4B-00C04F79EFBC}") = "LearnXamarin.iOS", "LearnXamarin.iOS\LearnXamarin.iOS.csproj", "{B8F1A6F0-A8C9-4074-8914-FB3D46E18652}"
EndProject
Project("{FAE04EC0-301F-11D3-BF4B-00C04F79EFBC}") = "LearnXamarin", "LearnXamarin\LearnXamarin.csproj", "{D5F8AE75-69A6-492B-A507-676FD488CF88}"
EndProject
Global
	GlobalSection(SolutionConfigurationPlatforms) = preSolution
		Debug|Any CPU = Debug|Any CPU
		Release|Any CPU = Release|Any CPU
		Debug|iPhoneSimulator = Debug|iPhoneSimulator
		Release|iPhoneSimulator = Release|iPhoneSimulator
		Debug|iPhone = Debug|iPhone
		Release|iPhone = Release|iPhone
	EndGlobalSection
	GlobalSection(ProjectConfigurationPlatforms) = postSolution
		{7331B508-DF01-4007-B5FC-E1EFDD36535F}.Debug|Any CPU.ActiveCfg = Debug|Any CPU
		{7331B508-DF01-4007-B5FC-E1EFDD36535F}.Debug|Any CPU.Build.0 = Debug|Any CPU
		{7331B508-DF01-4007-B5FC-E1EFDD36535F}.Release|Any CPU.ActiveCfg = Release|Any CPU
		{7331B508-DF01-4007-B5FC-E1EFDD36535F}.Release|Any CPU.Build.0 = Release|Any CPU
		{7331B508-DF01-4007-B5FC-E1EFDD36535F}.Debug|iPhoneSimulator.ActiveCfg = Debug|Any CPU
		{7331B508-DF01-4007-B5FC-E1EFDD36535F}.Debug|iPhoneSimulator.Build.0 = Debug|Any CPU
		{7331B508-DF01-4007-B5FC-E1EFDD36535F}.Release|iPhoneSimulator.ActiveCfg = Release|Any CPU
		{7331B508-DF01-4007-B5FC-E1EFDD36535F}.Release|iPhoneSimulator.Build.0 = Release|Any CPU
		{7331B508-DF01-4007-B5FC-E1EFDD36535F}.Debug|iPhone.ActiveCfg = Debug|Any CPU
		{7331B508-DF01-4007-B5FC-E1EFDD36535F}.Debug|iPhone.Build.0 = Debug|Any CPU
		{7331B508-DF01-4007-B5FC-E1EFDD36535F}.Release|iPhone.ActiveCfg = Release|Any CPU
		{7331B508-DF01-4007-B5FC-E1EFDD36535F}.Release|iPhone.Build.0 = Release|Any CPU
		{B8F1A6F0-A8C9-4074-8914-FB3D46E18652}.Debug|Any CPU.ActiveCfg = Debug|iPhoneSimulator
		{B8F1A6F0-A8C9-4074-8914-FB3D46E18652}.Debug|Any CPU.Build.0 = Debug|iPhoneSimulator
		{B8F1A6F0-A8C9-4074-8914-FB3D46E18652}.Release|Any CPU.ActiveCfg = Release|iPhoneSimulator
		{B8F1A6F0-A8C9-4074-8914-FB3D46E18652}.Release|Any CPU.Build.0 = Release|iPhoneSimulator
		{B8F1A6F0-A8C9-4074-8914-FB3D46E18652}.Debug|iPhoneSimulator.ActiveCfg = Debug|iPhoneSimulator
		{B8F1A6F0-A8C9-4074-8914-FB3D46E18652}.Debug|iPhoneSimulator.Build.0 = Debug|iPhoneSimulator
		{B8F1A6F0-A8C9-4074-8914-FB3D46E18652}.Release|iPhoneSimulator.ActiveCfg = Release|iPhoneSimulator
		{B8F1A6F0-A8C9-4074-8914-FB3D46E18652}.Release|iPhoneSimulator.Build.0 = Release|iPhoneSimulator
		{B8F1A6F0-A8C9-4074-8914-FB3D46E18652}.Debug|iPhone.ActiveCfg = Debug|iPhone
		{B8F1A6F0-A8C9-4074-8914-FB3D46E18652}.Debug|iPhone.Build.0 = Debug|iPhone
		{B8F1A6F0-A8C9-4074-8914-FB3D46E18652}.Release|iPhone.ActiveCfg = Release|iPhone
		{B8F1A6F0-A8C9-4074-8914-FB3D46E18652}.Release|iPhone.Build.0 = Release|iPhone
		{D5F8AE75-69A6-492B-A507-676FD488CF88}.Debug|Any CPU.ActiveCfg = Debug|Any CPU
		{D5F8AE75-69A6-492B-A507-676FD488CF88}.Debug|Any CPU.Build.0 = Debug|Any CPU
		{D5F8AE75-69A6-492B-A507-676FD488CF88}.Release|Any CPU.ActiveCfg = Release|Any CPU
		{D5F8AE75-69A6-492B-A507-676FD488CF88}.Release|Any CPU.Build.0 = Release|Any CPU
		{D5F8AE75-69A6-492B-A507-676FD488CF88}.Debug|iPhoneSimulator.ActiveCfg = Debug|Any CPU
		{D5F8AE75-69A6-492B-A507-676FD488CF88}.Debug|iPhoneSimulator.Build.0 = Debug|Any CPU
		{D5F8AE75-69A6-492B-A507-676FD488CF88}.Release|iPhoneSimulator.ActiveCfg = Release|Any CPU
		{D5F8AE75-69A6-492B-A507-676FD488CF88}.Release|iPhoneSimulator.Build.0 = Release|Any CPU
		{D5F8AE75-69A6-492B-A507-676FD488CF88}.Debug|iPhone.ActiveCfg = Debug|Any CPU
		{D5F8AE75-69A6-492B-A507-676FD488CF88}.Debug|iPhone.Build.0 = Debug|Any CPU
		{D5F8AE75-69A6-492B-A507-676FD488CF88}.Release|iPhone.ActiveCfg = Release|Any CPU
		{D5F8AE75-69A6-492B-A507-676FD488CF88}.Release|iPhone.Build.0 = Release|Any CPU
	EndGlobalSection
EndGlobal
